
Microsoft Visual Studio Solution File, Format Version 12.00
# Visual Studio Version 17
VisualStudioVersion = 17.0.31903.59
MinimumVisualStudioVersion = 10.0.40219.1
Project("{FAE04EC0-301F-11D3-BF4B-00C04F79EFBC}") = "GestorEscolar_API", "GestorEscolar_API.csproj", "{10B79B36-7341-49E0-83F5-D7D5790591A8}"
EndProject
Project("{FAE04EC0-301F-11D3-BF4B-00C04F79EFBC}") = "Data", "..\Data\Data.csproj", "{633E9DF7-DB78-4955-BFE9-8E2724733ED2}"
EndProject
Project("{FAE04EC0-301F-11D3-BF4B-00C04F79EFBC}") = "Business", "..\Business\Business.csproj", "{5A38C35C-A85E-474C-8D45-8B1705E9C08F}"
EndProject
Project("{FAE04EC0-301F-11D3-BF4B-00C04F79EFBC}") = "Entities", "..\Entities\Entities.csproj", "{7190ED99-C135-46CC-B3ED-A25D0D1539F7}"
EndProject
Global
	GlobalSection(SolutionConfigurationPlatforms) = preSolution
		Debug|Any CPU = Debug|Any CPU
		Release|Any CPU = Release|Any CPU
	EndGlobalSection
	GlobalSection(ProjectConfigurationPlatforms) = postSolution
		{10B79B36-7341-49E0-83F5-D7D5790591A8}.Debug|Any CPU.ActiveCfg = Debug|Any CPU
		{10B79B36-7341-49E0-83F5-D7D5790591A8}.Debug|Any CPU.Build.0 = Debug|Any CPU
		{10B79B36-7341-49E0-83F5-D7D5790591A8}.Release|Any CPU.ActiveCfg = Release|Any CPU
		{10B79B36-7341-49E0-83F5-D7D5790591A8}.Release|Any CPU.Build.0 = Release|Any CPU
		{633E9DF7-DB78-4955-BFE9-8E2724733ED2}.Debug|Any CPU.ActiveCfg = Debug|Any CPU
		{633E9DF7-DB78-4955-BFE9-8E2724733ED2}.Debug|Any CPU.Build.0 = Debug|Any CPU
		{633E9DF7-DB78-4955-BFE9-8E2724733ED2}.Release|Any CPU.ActiveCfg = Release|Any CPU
		{633E9DF7-DB78-4955-BFE9-8E2724733ED2}.Release|Any CPU.Build.0 = Release|Any CPU
		{5A38C35C-A85E-474C-8D45-8B1705E9C08F}.Debug|Any CPU.ActiveCfg = Debug|Any CPU
		{5A38C35C-A85E-474C-8D45-8B1705E9C08F}.Debug|Any CPU.Build.0 = Debug|Any CPU
		{5A38C35C-A85E-474C-8D45-8B1705E9C08F}.Release|Any CPU.ActiveCfg = Release|Any CPU
		{5A38C35C-A85E-474C-8D45-8B1705E9C08F}.Release|Any CPU.Build.0 = Release|Any CPU
		{7190ED99-C135-46CC-B3ED-A25D0D1539F7}.Debug|Any CPU.ActiveCfg = Debug|Any CPU
		{7190ED99-C135-46CC-B3ED-A25D0D1539F7}.Debug|Any CPU.Build.0 = Debug|Any CPU
		{7190ED99-C135-46CC-B3ED-A25D0D1539F7}.Release|Any CPU.ActiveCfg = Release|Any CPU
		{7190ED99-C135-46CC-B3ED-A25D0D1539F7}.Release|Any CPU.Build.0 = Release|Any CPU
	EndGlobalSection
	GlobalSection(SolutionProperties) = preSolution
		HideSolutionNode = FALSE
	EndGlobalSection
	GlobalSection(ExtensibilityGlobals) = postSolution
		SolutionGuid = {1F9B9B81-F097-491F-A5B1-B9C4B4B043F7}
	EndGlobalSection
EndGlobal
